
Microsoft Visual Studio Solution File, Format Version 12.00
Project("{FAE04EC0-301F-11D3-BF4B-00C04F79EFBC}") = "FlightsSearchPortal", "FlightsSearchPortal.csproj", "{22B9A768-82EE-4B09-BE1B-5E14005B4C86}"
EndProject
Global
	GlobalSection(SolutionConfigurationPlatforms) = preSolution
		Debug|Any CPU = Debug|Any CPU
		Release|Any CPU = Release|Any CPU
	EndGlobalSection
	GlobalSection(ProjectConfigurationPlatforms) = postSolution
		{22B9A768-82EE-4B09-BE1B-5E14005B4C86}.Debug|Any CPU.ActiveCfg = Debug|Any CPU
		{22B9A768-82EE-4B09-BE1B-5E14005B4C86}.Debug|Any CPU.Build.0 = Debug|Any CPU
		{22B9A768-82EE-4B09-BE1B-5E14005B4C86}.Release|Any CPU.ActiveCfg = Release|Any CPU
		{22B9A768-82EE-4B09-BE1B-5E14005B4C86}.Release|Any CPU.Build.0 = Release|Any CPU
	EndGlobalSection
EndGlobal
